
Microsoft Visual Studio Solution File, Format Version 12.00
# Visual Studio 15
VisualStudioVersion = 15.0.28010.2048
MinimumVisualStudioVersion = 10.0.40219.1
Project("{FAE04EC0-301F-11D3-BF4B-00C04F79EFBC}") = "Checkpoint4", "Checkpoint4\Checkpoint4.csproj", "{FEF231D4-F27B-4E25-AA3C-EFAA10DF930D}"
EndProject
Global
	GlobalSection(SolutionConfigurationPlatforms) = preSolution
		Debug|Any CPU = Debug|Any CPU
		Release|Any CPU = Release|Any CPU
	EndGlobalSection
	GlobalSection(ProjectConfigurationPlatforms) = postSolution
		{FEF231D4-F27B-4E25-AA3C-EFAA10DF930D}.Debug|Any CPU.ActiveCfg = Debug|Any CPU
		{FEF231D4-F27B-4E25-AA3C-EFAA10DF930D}.Debug|Any CPU.Build.0 = Debug|Any CPU
		{FEF231D4-F27B-4E25-AA3C-EFAA10DF930D}.Release|Any CPU.ActiveCfg = Release|Any CPU
		{FEF231D4-F27B-4E25-AA3C-EFAA10DF930D}.Release|Any CPU.Build.0 = Release|Any CPU
	EndGlobalSection
	GlobalSection(SolutionProperties) = preSolution
		HideSolutionNode = FALSE
	EndGlobalSection
	GlobalSection(ExtensibilityGlobals) = postSolution
		SolutionGuid = {2EB26675-06B1-4BAF-A7F9-79BB6F9A755C}
	EndGlobalSection
EndGlobal
